
Microsoft Visual Studio Solution File, Format Version 12.00
# Visual Studio Version 16
VisualStudioVersion = 16.0.30907.101
MinimumVisualStudioVersion = 10.0.40219.1
Project("{FAE04EC0-301F-11D3-BF4B-00C04F79EFBC}") = "Parcial1", "Parcial1\Parcial1.csproj", "{ADDB67A1-0AAC-460E-9FE7-42C215393874}"
EndProject
Global
	GlobalSection(SolutionConfigurationPlatforms) = preSolution
		Debug|Any CPU = Debug|Any CPU
		Release|Any CPU = Release|Any CPU
	EndGlobalSection
	GlobalSection(ProjectConfigurationPlatforms) = postSolution
		{ADDB67A1-0AAC-460E-9FE7-42C215393874}.Debug|Any CPU.ActiveCfg = Debug|Any CPU
		{ADDB67A1-0AAC-460E-9FE7-42C215393874}.Debug|Any CPU.Build.0 = Debug|Any CPU
		{ADDB67A1-0AAC-460E-9FE7-42C215393874}.Release|Any CPU.ActiveCfg = Release|Any CPU
		{ADDB67A1-0AAC-460E-9FE7-42C215393874}.Release|Any CPU.Build.0 = Release|Any CPU
	EndGlobalSection
	GlobalSection(SolutionProperties) = preSolution
		HideSolutionNode = FALSE
	EndGlobalSection
	GlobalSection(ExtensibilityGlobals) = postSolution
		SolutionGuid = {69F9031B-A64B-4423-A31E-DF30B28E444D}
	EndGlobalSection
EndGlobal
